
Microsoft Visual Studio Solution File, Format Version 12.00
# Visual Studio Version 17
VisualStudioVersion = 17.5.33530.505
MinimumVisualStudioVersion = 10.0.40219.1
Project("{FAE04EC0-301F-11D3-BF4B-00C04F79EFBC}") = "AdvanceTaskMars", "AdvanceTaskMars.csproj", "{6FBE103B-CC73-4B69-8461-A1DBC6EDAB28}"
EndProject
Global
	GlobalSection(SolutionConfigurationPlatforms) = preSolution
		Debug|Any CPU = Debug|Any CPU
		Release|Any CPU = Release|Any CPU
	EndGlobalSection
	GlobalSection(ProjectConfigurationPlatforms) = postSolution
		{6FBE103B-CC73-4B69-8461-A1DBC6EDAB28}.Debug|Any CPU.ActiveCfg = Debug|Any CPU
		{6FBE103B-CC73-4B69-8461-A1DBC6EDAB28}.Debug|Any CPU.Build.0 = Debug|Any CPU
		{6FBE103B-CC73-4B69-8461-A1DBC6EDAB28}.Release|Any CPU.ActiveCfg = Release|Any CPU
		{6FBE103B-CC73-4B69-8461-A1DBC6EDAB28}.Release|Any CPU.Build.0 = Release|Any CPU
	EndGlobalSection
	GlobalSection(SolutionProperties) = preSolution
		HideSolutionNode = FALSE
	EndGlobalSection
	GlobalSection(ExtensibilityGlobals) = postSolution
		SolutionGuid = {2AC79874-2007-462A-AF15-5345BD3540E6}
	EndGlobalSection
EndGlobal
